
Microsoft Visual Studio Solution File, Format Version 12.00
# Visual Studio Version 17
VisualStudioVersion = 17.0.32112.339
MinimumVisualStudioVersion = 10.0.40219.1
Project("{FAE04EC0-301F-11D3-BF4B-00C04F79EFBC}") = "WebPicResponder", "WebPicResponder\WebPicResponder.csproj", "{B1CF68A0-E374-4523-BE0F-21F74B02A891}"
EndProject
Global
	GlobalSection(SolutionConfigurationPlatforms) = preSolution
		Debug|Any CPU = Debug|Any CPU
		Release|Any CPU = Release|Any CPU
	EndGlobalSection
	GlobalSection(ProjectConfigurationPlatforms) = postSolution
		{B1CF68A0-E374-4523-BE0F-21F74B02A891}.Debug|Any CPU.ActiveCfg = Debug|Any CPU
		{B1CF68A0-E374-4523-BE0F-21F74B02A891}.Debug|Any CPU.Build.0 = Debug|Any CPU
		{B1CF68A0-E374-4523-BE0F-21F74B02A891}.Release|Any CPU.ActiveCfg = Release|Any CPU
		{B1CF68A0-E374-4523-BE0F-21F74B02A891}.Release|Any CPU.Build.0 = Release|Any CPU
	EndGlobalSection
	GlobalSection(SolutionProperties) = preSolution
		HideSolutionNode = FALSE
	EndGlobalSection
	GlobalSection(ExtensibilityGlobals) = postSolution
		SolutionGuid = {3C701B7E-773E-4614-94C4-675DF6B75509}
	EndGlobalSection
EndGlobal
